
Microsoft Visual Studio Solution File, Format Version 12.00
# Visual Studio Version 16
VisualStudioVersion = 16.0.31613.86
MinimumVisualStudioVersion = 10.0.40219.1
Project("{FAE04EC0-301F-11D3-BF4B-00C04F79EFBC}") = "Zipper", "Zipper\Zipper.csproj", "{228569BD-5A98-4020-BD72-5DF2E8E67899}"
EndProject
Global
	GlobalSection(SolutionConfigurationPlatforms) = preSolution
		Debug|Any CPU = Debug|Any CPU
		Release|Any CPU = Release|Any CPU
	EndGlobalSection
	GlobalSection(ProjectConfigurationPlatforms) = postSolution
		{228569BD-5A98-4020-BD72-5DF2E8E67899}.Debug|Any CPU.ActiveCfg = Debug|Any CPU
		{228569BD-5A98-4020-BD72-5DF2E8E67899}.Debug|Any CPU.Build.0 = Debug|Any CPU
		{228569BD-5A98-4020-BD72-5DF2E8E67899}.Release|Any CPU.ActiveCfg = Release|Any CPU
		{228569BD-5A98-4020-BD72-5DF2E8E67899}.Release|Any CPU.Build.0 = Release|Any CPU
	EndGlobalSection
	GlobalSection(SolutionProperties) = preSolution
		HideSolutionNode = FALSE
	EndGlobalSection
	GlobalSection(ExtensibilityGlobals) = postSolution
		SolutionGuid = {B5009931-2859-44DB-8748-907F9B7966A5}
	EndGlobalSection
EndGlobal
